
Microsoft Visual Studio Solution File, Format Version 12.00
# Visual Studio Version 16
VisualStudioVersion = 16.0.29411.108
MinimumVisualStudioVersion = 10.0.40219.1
Project("{FAE04EC0-301F-11D3-BF4B-00C04F79EFBC}") = "WindowsFormsEse02", "WindowsFormsEse02\WindowsFormsEse02.csproj", "{709FF696-3C9F-40BD-8318-04BE6AA641E7}"
EndProject
Global
	GlobalSection(SolutionConfigurationPlatforms) = preSolution
		Debug|Any CPU = Debug|Any CPU
		Release|Any CPU = Release|Any CPU
	EndGlobalSection
	GlobalSection(ProjectConfigurationPlatforms) = postSolution
		{709FF696-3C9F-40BD-8318-04BE6AA641E7}.Debug|Any CPU.ActiveCfg = Debug|Any CPU
		{709FF696-3C9F-40BD-8318-04BE6AA641E7}.Debug|Any CPU.Build.0 = Debug|Any CPU
		{709FF696-3C9F-40BD-8318-04BE6AA641E7}.Release|Any CPU.ActiveCfg = Release|Any CPU
		{709FF696-3C9F-40BD-8318-04BE6AA641E7}.Release|Any CPU.Build.0 = Release|Any CPU
	EndGlobalSection
	GlobalSection(SolutionProperties) = preSolution
		HideSolutionNode = FALSE
	EndGlobalSection
	GlobalSection(ExtensibilityGlobals) = postSolution
		SolutionGuid = {2B9A2E1C-554A-4285-9E6D-AE2444EED2B1}
	EndGlobalSection
EndGlobal
