
Microsoft Visual Studio Solution File, Format Version 12.00
# Visual Studio Version 16
VisualStudioVersion = 16.0.29411.108
MinimumVisualStudioVersion = 10.0.40219.1
Project("{FAE04EC0-301F-11D3-BF4B-00C04F79EFBC}") = "Windows form es 02", "Windows form es 02\Windows form es 02.csproj", "{EA8B5B14-670A-47A7-AEBB-4372F68AA5FA}"
EndProject
Global
	GlobalSection(SolutionConfigurationPlatforms) = preSolution
		Debug|Any CPU = Debug|Any CPU
		Release|Any CPU = Release|Any CPU
	EndGlobalSection
	GlobalSection(ProjectConfigurationPlatforms) = postSolution
		{EA8B5B14-670A-47A7-AEBB-4372F68AA5FA}.Debug|Any CPU.ActiveCfg = Debug|Any CPU
		{EA8B5B14-670A-47A7-AEBB-4372F68AA5FA}.Debug|Any CPU.Build.0 = Debug|Any CPU
		{EA8B5B14-670A-47A7-AEBB-4372F68AA5FA}.Release|Any CPU.ActiveCfg = Release|Any CPU
		{EA8B5B14-670A-47A7-AEBB-4372F68AA5FA}.Release|Any CPU.Build.0 = Release|Any CPU
	EndGlobalSection
	GlobalSection(SolutionProperties) = preSolution
		HideSolutionNode = FALSE
	EndGlobalSection
	GlobalSection(ExtensibilityGlobals) = postSolution
		SolutionGuid = {BA5DFE5F-E9D8-477D-A479-C7C195F8B673}
	EndGlobalSection
EndGlobal
